
Microsoft Visual Studio Solution File, Format Version 12.00
# Visual Studio 14
VisualStudioVersion = 14.0.25420.1
MinimumVisualStudioVersion = 10.0.40219.1
Project("{FAE04EC0-301F-11D3-BF4B-00C04F79EFBC}") = "TournementAndAnalysis", "TournementAndAnalysis\TournementAndAnalysis.csproj", "{0286F231-FA73-49E1-9E97-DF178E4CCEE1}"
EndProject
Project("{FAE04EC0-301F-11D3-BF4B-00C04F79EFBC}") = "TournamentTest", "TournamentTest\TournamentTest.csproj", "{19A3C26A-1624-4581-AA62-94834482786C}"
EndProject
Project("{FAE04EC0-301F-11D3-BF4B-00C04F79EFBC}") = "Mock-up", "Mock-up\Mock-up.csproj", "{E1285676-1A8B-4839-9006-C5454DFEFE52}"
EndProject
Project("{FAE04EC0-301F-11D3-BF4B-00C04F79EFBC}") = "SingleElimTest", "..\..\..\..\Documents\Visual Studio 2015\Projects\SingleElimTest\SingleElimTest\SingleElimTest.csproj", "{E0758C55-0F3B-422E-BB10-9ACA2140CCE2}"
EndProject
Global
	GlobalSection(SolutionConfigurationPlatforms) = preSolution
		Debug|Any CPU = Debug|Any CPU
		Release|Any CPU = Release|Any CPU
	EndGlobalSection
	GlobalSection(ProjectConfigurationPlatforms) = postSolution
		{0286F231-FA73-49E1-9E97-DF178E4CCEE1}.Debug|Any CPU.ActiveCfg = Debug|Any CPU
		{0286F231-FA73-49E1-9E97-DF178E4CCEE1}.Debug|Any CPU.Build.0 = Debug|Any CPU
		{0286F231-FA73-49E1-9E97-DF178E4CCEE1}.Release|Any CPU.ActiveCfg = Release|Any CPU
		{0286F231-FA73-49E1-9E97-DF178E4CCEE1}.Release|Any CPU.Build.0 = Release|Any CPU
		{19A3C26A-1624-4581-AA62-94834482786C}.Debug|Any CPU.ActiveCfg = Debug|Any CPU
		{19A3C26A-1624-4581-AA62-94834482786C}.Debug|Any CPU.Build.0 = Debug|Any CPU
		{19A3C26A-1624-4581-AA62-94834482786C}.Release|Any CPU.ActiveCfg = Release|Any CPU
		{19A3C26A-1624-4581-AA62-94834482786C}.Release|Any CPU.Build.0 = Release|Any CPU
		{E1285676-1A8B-4839-9006-C5454DFEFE52}.Debug|Any CPU.ActiveCfg = Debug|Any CPU
		{E1285676-1A8B-4839-9006-C5454DFEFE52}.Debug|Any CPU.Build.0 = Debug|Any CPU
		{E1285676-1A8B-4839-9006-C5454DFEFE52}.Release|Any CPU.ActiveCfg = Release|Any CPU
		{E1285676-1A8B-4839-9006-C5454DFEFE52}.Release|Any CPU.Build.0 = Release|Any CPU
		{E0758C55-0F3B-422E-BB10-9ACA2140CCE2}.Debug|Any CPU.ActiveCfg = Debug|Any CPU
		{E0758C55-0F3B-422E-BB10-9ACA2140CCE2}.Debug|Any CPU.Build.0 = Debug|Any CPU
		{E0758C55-0F3B-422E-BB10-9ACA2140CCE2}.Release|Any CPU.ActiveCfg = Release|Any CPU
		{E0758C55-0F3B-422E-BB10-9ACA2140CCE2}.Release|Any CPU.Build.0 = Release|Any CPU
	EndGlobalSection
	GlobalSection(SolutionProperties) = preSolution
		HideSolutionNode = FALSE
	EndGlobalSection
EndGlobal
